
Microsoft Visual Studio Solution File, Format Version 12.00
# Visual Studio Version 16
VisualStudioVersion = 16.0.32228.343
MinimumVisualStudioVersion = 10.0.40219.1
Project("{FAE04EC0-301F-11D3-BF4B-00C04F79EFBC}") = "FurnitureMod", "FurnitureMod\FurnitureMod.csproj", "{FA7A7B14-8DDC-49EA-A304-9D77577842F9}"
EndProject
Global
	GlobalSection(SolutionConfigurationPlatforms) = preSolution
		Debug|Any CPU = Debug|Any CPU
		Release|Any CPU = Release|Any CPU
	EndGlobalSection
	GlobalSection(ProjectConfigurationPlatforms) = postSolution
		{FA7A7B14-8DDC-49EA-A304-9D77577842F9}.Debug|Any CPU.ActiveCfg = Debug|Any CPU
		{FA7A7B14-8DDC-49EA-A304-9D77577842F9}.Debug|Any CPU.Build.0 = Debug|Any CPU
		{FA7A7B14-8DDC-49EA-A304-9D77577842F9}.Release|Any CPU.ActiveCfg = Release|Any CPU
		{FA7A7B14-8DDC-49EA-A304-9D77577842F9}.Release|Any CPU.Build.0 = Release|Any CPU
	EndGlobalSection
	GlobalSection(SolutionProperties) = preSolution
		HideSolutionNode = FALSE
	EndGlobalSection
	GlobalSection(ExtensibilityGlobals) = postSolution
		SolutionGuid = {17B59E95-3C87-44C9-8514-7FF53203FF08}
	EndGlobalSection
EndGlobal
